// !$*UTF8*$!
{
	archiveVersion = 1;
	classes = {
	};
	objectVersion = 50;
	objects = {

/* Begin PBXBuildFile section */
		D676EC8924CEA76800B0AECA /* AppDelegate.m in Sources */ = {isa = PBXBuildFile; fileRef = D676EC8824CEA76800B0AECA /* AppDelegate.m */; };
		D676EC8C24CEA76800B0AECA /* SceneDelegate.m in Sources */ = {isa = PBXBuildFile; fileRef = D676EC8B24CEA76800B0AECA /* SceneDelegate.m */; };
		D676EC8F24CEA76900B0AECA /* ViewController.m in Sources */ = {isa = PBXBuildFile; fileRef = D676EC8E24CEA76900B0AECA /* ViewController.m */; };
		D676EC9224CEA76900B0AECA /* Main.storyboard in Resources */ = {isa = PBXBuildFile; fileRef = D676EC9024CEA76900B0AECA /* Main.storyboard */; };
		D676EC9424CEA76A00B0AECA /* Assets.xcassets in Resources */ = {isa = PBXBuildFile; fileRef = D676EC9324CEA76A00B0AECA /* Assets.xcassets */; };
		D676EC9724CEA76A00B0AECA /* LaunchScreen.storyboard in Resources */ = {isa = PBXBuildFile; fileRef = D676EC9524CEA76A00B0AECA /* LaunchScreen.storyboard */; };
		D676EC9A24CEA76A00B0AECA /* main.m in Sources */ = {isa = PBXBuildFile; fileRef = D676EC9924CEA76A00B0AECA /* main.m */; };
		D676ECA224CEA79200B0AECA /* BViewController.m in Sources */ = {isa = PBXBuildFile; fileRef = D676ECA124CEA79200B0AECA /* BViewController.m */; };
/* End PBXBuildFile section */

/* Begin PBXFileReference section */
		D676EC8424CEA76800B0AECA /* NotificationDemo.app */ = {isa = PBXFileReference; explicitFileType = wrapper.application; includeInIndex = 0; path = NotificationDemo.app; sourceTree = BUILT_PRODUCTS_DIR; };
		D676EC8724CEA76800B0AECA /* AppDelegate.h */ = {isa = PBXFileReference; lastKnownFileType = sourcecode.c.h; path = AppDelegate.h; sourceTree = "<group>"; };
		D676EC8824CEA76800B0AECA /* AppDelegate.m */ = {isa = PBXFileReference; lastKnownFileType = sourcecode.c.objc; path = AppDelegate.m; sourceTree = "<group>"; };
		D676EC8A24CEA76800B0AECA /* SceneDelegate.h */ = {isa = PBXFileReference; lastKnownFileType = sourcecode.c.h; path = SceneDelegate.h; sourceTree = "<group>"; };
		D676EC8B24CEA76800B0AECA /* SceneDelegate.m */ = {isa = PBXFileReference; lastKnownFileType = sourcecode.c.objc; path = SceneDelegate.m; sourceTree = "<group>"; };
		D676EC8D24CEA76800B0AECA /* ViewController.h */ = {isa = PBXFileReference; lastKnownFileType = sourcecode.c.h; path = ViewController.h; sourceTree = "<group>"; };
		D676EC8E24CEA76900B0AECA /* ViewController.m */ = {isa = PBXFileReference; lastKnownFileType = sourcecode.c.objc; path = ViewController.m; sourceTree = "<group>"; };
		D676EC9124CEA76900B0AECA /* Base */ = {isa = PBXFileReference; lastKnownFileType = file.storyboard; name = Base; path = Base.lproj/Main.storyboard; sourceTree = "<group>"; };
		D676EC9324CEA76A00B0AECA /* Assets.xcassets */ = {isa = PBXFileReference; lastKnownFileType = folder.assetcatalog; path = Assets.xcassets; sourceTree = "<group>"; };
		D676EC9624CEA76A00B0AECA /* Base */ = {isa = PBXFileReference; lastKnownFileType = file.storyboard; name = Base; path = Base.lproj/LaunchScreen.storyboard; sourceTree = "<group>"; };
		D676EC9824CEA76A00B0AECA /* Info.plist */ = {isa = PBXFileReference; lastKnownFileType = text.plist.xml; path = Info.plist; sourceTree = "<group>"; };
		D676EC9924CEA76A00B0AECA /* main.m */ = {isa = PBXFileReference; lastKnownFileType = sourcecode.c.objc; path = main.m; sourceTree = "<group>"; };
		D676ECA024CEA79200B0AECA /* BViewController.h */ = {isa = PBXFileReference; lastKnownFileType = sourcecode.c.h; path = BViewController.h; sourceTree = "<group>"; };
		D676ECA124CEA79200B0AECA /* BViewController.m */ = {isa = PBXFileReference; lastKnownFileType = sourcecode.c.objc; path = BViewController.m; sourceTree = "<group>"; };
/* End PBXFileReference section */

/* Begin PBXFrameworksBuildPhase section */
		D676EC8124CEA76800B0AECA /* Frameworks */ = {
			isa = PBXFrameworksBuildPhase;
			buildActionMask = 2147483647;
			files = (
			);
			runOnlyForDeploymentPostprocessing = 0;
		};
/* End PBXFrameworksBuildPhase section */

/* Begin PBXGroup section */
		D676EC7B24CEA76800B0AECA = {
			isa = PBXGroup;
			children = (
				D676EC8624CEA76800B0AECA /* NotificationDemo */,
				D676EC8524CEA76800B0AECA /* Products */,
			);
			sourceTree = "<group>";
		};
		D676EC8524CEA76800B0AECA /* Products */ = {
			isa = PBXGroup;
			children = (
				D676EC8424CEA76800B0AECA /* NotificationDemo.app */,
			);
			name = Products;
			sourceTree = "<group>";
		};
		D676EC8624CEA76800B0AECA /* NotificationDemo */ = {
			isa = PBXGroup;
			children = (
				D676EC8724CEA76800B0AECA /* AppDelegate.h */,
				D676EC8824CEA76800B0AECA /* AppDelegate.m */,
				D676EC8A24CEA76800B0AECA /* SceneDelegate.h */,
				D676EC8B24CEA76800B0AECA /* SceneDelegate.m */,
				D676EC8D24CEA76800B0AECA /* ViewController.h */,
				D676EC8E24CEA76900B0AECA /* ViewController.m */,
				D676ECA024CEA79200B0AECA /* BViewController.h */,
				D676ECA124CEA79200B0AECA /* BViewController.m */,
				D676EC9024CEA76900B0AECA /* Main.storyboard */,
				D676EC9324CEA76A00B0AECA /* Assets.xcassets */,
				D676EC9524CEA76A00B0AECA /* LaunchScreen.storyboard */,
				D676EC9824CEA76A00B0AECA /* Info.plist */,
				D676EC9924CEA76A00B0AECA /* main.m */,
			);
			path = NotificationDemo;
			sourceTree = "<group>";
		};
/* End PBXGroup section */

/* Begin PBXNativeTarget section */
		D676EC8324CEA76800B0AECA /* NotificationDemo */ = {
			isa = PBXNativeTarget;
			buildConfigurationList = D676EC9D24CEA76A00B0AECA /* Build configuration list for PBXNativeTarget "NotificationDemo" */;
			buildPhases = (
				D676EC8024CEA76800B0AECA /* Sources */,
				D676EC8124CEA76800B0AECA /* Frameworks */,
				D676EC8224CEA76800B0AECA /* Resources */,
			);
			buildRules = (
			);
			dependencies = (
			);
			name = NotificationDemo;
			productName = NotificationDemo;
			productReference = D676EC8424CEA76800B0AECA /* NotificationDemo.app */;
			productType = "com.apple.product-type.application";
		};
/* End PBXNativeTarget section */

/* Begin PBXProject section */
		D676EC7C24CEA76800B0AECA /* Project object */ = {
			isa = PBXProject;
			attributes = {
				LastUpgradeCheck = 1160;
				ORGANIZATIONNAME = jiajinda;
				TargetAttributes = {
					D676EC8324CEA76800B0AECA = {
						CreatedOnToolsVersion = 11.6;
					};
				};
			};
			buildConfigurationList = D676EC7F24CEA76800B0AECA /* Build configuration list for PBXProject "NotificationDemo" */;
			compatibilityVersion = "Xcode 9.3";
			developmentRegion = en;
			hasScannedForEncodings = 0;
			knownRegions = (
				en,
				Base,
			);
			mainGroup = D676EC7B24CEA76800B0AECA;
			productRefGroup = D676EC8524CEA76800B0AECA /* Products */;
			projectDirPath = "";
			projectRoot = "";
			targets = (
				D676EC8324CEA76800B0AECA /* NotificationDemo */,
			);
		};
/* End PBXProject section */

/* Begin PBXResourcesBuildPhase section */
		D676EC8224CEA76800B0AECA /* Resources */ = {
			isa = PBXResourcesBuildPhase;
			buildActionMask = 2147483647;
			files = (
				D676EC9724CEA76A00B0AECA /* LaunchScreen.storyboard in Resources */,
				D676EC9424CEA76A00B0AECA /* Assets.xcassets in Resources */,
				D676EC9224CEA76900B0AECA /* Main.storyboard in Resources */,
			);
			runOnlyForDeploymentPostprocessing = 0;
		};
/* End PBXResourcesBuildPhase section */

/* Begin PBXSourcesBuildPhase section */
		D676EC8024CEA76800B0AECA /* Sources */ = {
			isa = PBXSourcesBuildPhase;
			buildActionMask = 2147483647;
			files = (
				D676EC8F24CEA76900B0AECA /* ViewController.m in Sources */,
				D676EC8924CEA76800B0AECA /* AppDelegate.m in Sources */,
				D676EC9A24CEA76A00B0AECA /* main.m in Sources */,
				D676ECA224CEA79200B0AECA /* BViewController.m in Sources */,
				D676EC8C24CEA76800B0AECA /* SceneDelegate.m in Sources */,
			);
			runOnlyForDeploymentPostprocessing = 0;
		};
/* End PBXSourcesBuildPhase section */

/* Begin PBXVariantGroup section */
		D676EC9024CEA76900B0AECA /* Main.storyboard */ = {
			isa = PBXVariantGroup;
			children = (
				D676EC9124CEA76900B0AECA /* Base */,
			);
			name = Main.storyboard;
			sourceTree = "<group>";
		};
		D676EC9524CEA76A00B0AECA /* LaunchScreen.storyboard */ = {
			isa = PBXVariantGroup;
			children = (
				D676EC9624CEA76A00B0AECA /* Base */,
			);
			name = LaunchScreen.storyboard;
			sourceTree = "<group>";
		};
/* End PBXVariantGroup section */

/* Begin XCBuildConfiguration section */
		D676EC9B24CEA76A00B0AECA /* Debug */ = {
			isa = XCBuildConfiguration;
			buildSettings = {
				ALWAYS_SEARCH_USER_PATHS = NO;
				CLANG_ANALYZER_NONNULL = YES;
				CLANG_ANALYZER_NUMBER_OBJECT_CONVERSION = YES_AGGRESSIVE;
				CLANG_CXX_LANGUAGE_STANDARD = "gnu++14";
				CLANG_CXX_LIBRARY = "libc++";
				CLANG_ENABLE_MODULES = YES;
				CLANG_ENABLE_OBJC_ARC = YES;
				CLANG_ENABLE_OBJC_WEAK = YES;
				CLANG_WARN_BLOCK_CAPTURE_AUTORELEASING = YES;
				CLANG_WARN_BOOL_CONVERSION = YES;
				CLANG_WARN_COMMA = YES;
				CLANG_WARN_CONSTANT_CONVERSION = YES;
				CLANG_WARN_DEPRECATED_OBJC_IMPLEMENTATIONS = YES;
				CLANG_WARN_DIRECT_OBJC_ISA_USAGE = YES_ERROR;
				CLANG_WARN_DOCUMENTATION_COMMENTS = YES;
				CLANG_WARN_EMPTY_BODY = YES;
				CLANG_WARN_ENUM_CONVERSION = YES;
				CLANG_WARN_INFINITE_RECURSION = YES;
				CLANG_WARN_INT_CONVERSION = YES;
				CLANG_WARN_NON_LITERAL_NULL_CONVERSION = YES;
				CLANG_WARN_OBJC_IMPLICIT_RETAIN_SELF = YES;
				CLANG_WARN_OBJC_LITERAL_CONVERSION = YES;
				CLANG_WARN_OBJC_ROOT_CLASS = YES_ERROR;
				CLANG_WARN_RANGE_LOOP_ANALYSIS = YES;
				CLANG_WARN_STRICT_PROTOTYPES = YES;
				CLANG_WARN_SUSPICIOUS_MOVE = YES;
				CLANG_WARN_UNGUARDED_AVAILABILITY = YES_AGGRESSIVE;
				CLANG_WARN_UNREACHABLE_CODE = YES;
				CLANG_WARN__DUPLICATE_METHOD_MATCH = YES;
				COPY_PHASE_STRIP = NO;
				DEBUG_INFORMATION_FORMAT = dwarf;
				ENABLE_STRICT_OBJC_MSGSEND = YES;
				ENABLE_TESTABILITY = YES;
				GCC_C_LANGUAGE_STANDARD = gnu11;
				GCC_DYNAMIC_NO_PIC = NO;
				GCC_NO_COMMON_BLOCKS = YES;
				GCC_OPTIMIZATION_LEVEL = 0;
				GCC_PREPROCESSOR_DEFINITIONS = (
					"DEBUG=1",
					"$(inherited)",
				);
				GCC_WARN_64_TO_32_BIT_CONVERSION = YES;
				GCC_WARN_ABOUT_RETURN_TYPE = YES_ERROR;
				GCC_WARN_UNDECLARED_SELECTOR = YES;
				GCC_WARN_UNINITIALIZED_AUTOS = YES_AGGRESSIVE;
				GCC_WARN_UNUSED_FUNCTION = YES;
				GCC_WARN_UNUSED_VARIABLE = YES;
				IPHONEOS_DEPLOYMENT_TARGET = 13.6;
				MTL_ENABLE_DEBUG_INFO = INCLUDE_SOURCE;
				MTL_FAST_MATH = YES;
				ONLY_ACTIVE_ARCH = YES;
				SDKROOT = iphoneos;
			};
			name = Debug;
		};
		D676EC9C24CEA76A00B0AECA /* Release */ = {
			isa = XCBuildConfiguration;
			buildSettings = {
				ALWAYS_SEARCH_USER_PATHS = NO;
				CLANG_ANALYZER_NONNULL = YES;
				CLANG_ANALYZER_NUMBER_OBJECT_CONVERSION = YES_AGGRESSIVE;
				CLANG_CXX_LANGUAGE_STANDARD = "gnu++14";
				CLANG_CXX_LIBRARY = "libc++";
				CLANG_ENABLE_MODULES = YES;
				CLANG_ENABLE_OBJC_ARC = YES;
				CLANG_ENABLE_OBJC_WEAK = YES;
				CLANG_WARN_BLOCK_CAPTURE_AUTORELEASING = YES;
				CLANG_WARN_BOOL_CONVERSION = YES;
				CLANG_WARN_COMMA = YES;
				CLANG_WARN_CONSTANT_CONVERSION = YES;
				CLANG_WARN_DEPRECATED_OBJC_IMPLEMENTATIONS = YES;
				CLANG_WARN_DIRECT_OBJC_ISA_USAGE = YES_ERROR;
				CLANG_WARN_DOCUMENTATION_COMMENTS = YES;
				CLANG_WARN_EMPTY_BODY = YES;
				CLANG_WARN_ENUM_CONVERSION = YES;
				CLANG_WARN_INFINITE_RECURSION = YES;
				CLANG_WARN_INT_CONVERSION = YES;
				CLANG_WARN_NON_LITERAL_NULL_CONVERSION = YES;
				CLANG_WARN_OBJC_IMPLICIT_RETAIN_SELF = YES;
				CLANG_WARN_OBJC_LITERAL_CONVERSION = YES;
				CLANG_WARN_OBJC_ROOT_CLASS = YES_ERROR;
				CLANG_WARN_RANGE_LOOP_ANALYSIS = YES;
				CLANG_WARN_STRICT_PROTOTYPES = YES;
				CLANG_WARN_SUSPICIOUS_MOVE = YES;
				CLANG_WARN_UNGUARDED_AVAILABILITY = YES_AGGRESSIVE;
				CLANG_WARN_UNREACHABLE_CODE = YES;
				CLANG_WARN__DUPLICATE_METHOD_MATCH = YES;
				COPY_PHASE_STRIP = NO;
				DEBUG_INFORMATION_FORMAT = "dwarf-with-dsym";
				ENABLE_NS_ASSERTIONS = NO;
				ENABLE_STRICT_OBJC_MSGSEND = YES;
				GCC_C_LANGUAGE_STANDARD = gnu11;
				GCC_NO_COMMON_BLOCKS = YES;
				GCC_WARN_64_TO_32_BIT_CONVERSION = YES;
				GCC_WARN_ABOUT_RETURN_TYPE = YES_ERROR;
				GCC_WARN_UNDECLARED_SELECTOR = YES;
				GCC_WARN_UNINITIALIZED_AUTOS = YES_AGGRESSIVE;
				GCC_WARN_UNUSED_FUNCTION = YES;
				GCC_WARN_UNUSED_VARIABLE = YES;
				IPHONEOS_DEPLOYMENT_TARGET = 13.6;
				MTL_ENABLE_DEBUG_INFO = NO;
				MTL_FAST_MATH = YES;
				SDKROOT = iphoneos;
				VALIDATE_PRODUCT = YES;
			};
			name = Release;
		};
		D676EC9E24CEA76A00B0AECA /* Debug */ = {
			isa = XCBuildConfiguration;
			buildSettings = {
				ASSETCATALOG_COMPILER_APPICON_NAME = AppIcon;
				CODE_SIGN_STYLE = Automatic;
				DEVELOPMENT_TEAM = 5293LSLG24;
				INFOPLIST_FILE = NotificationDemo/Info.plist;
				LD_RUNPATH_SEARCH_PATHS = (
					"$(inherited)",
					"@executable_path/Frameworks",
				);
				PRODUCT_BUNDLE_IDENTIFIER = com.jiajinda.NotificationDemo;
				PRODUCT_NAME = "$(TARGET_NAME)";
				TARGETED_DEVICE_FAMILY = "1,2";
			};
			name = Debug;
		};
		D676EC9F24CEA76A00B0AECA /* Release */ = {
			isa = XCBuildConfiguration;
			buildSettings = {
				ASSETCATALOG_COMPILER_APPICON_NAME = AppIcon;
				CODE_SIGN_STYLE = Automatic;
				DEVELOPMENT_TEAM = 5293LSLG24;
				INFOPLIST_FILE = NotificationDemo/Info.plist;
				LD_RUNPATH_SEARCH_PATHS = (
					"$(inherited)",
					"@executable_path/Frameworks",
				);
				PRODUCT_BUNDLE_IDENTIFIER = com.jiajinda.NotificationDemo;
				PRODUCT_NAME = "$(TARGET_NAME)";
				TARGETED_DEVICE_FAMILY = "1,2";
			};
			name = Release;
		};
/* End XCBuildConfiguration section */

/* Begin XCConfigurationList section */
		D676EC7F24CEA76800B0AECA /* Build configuration list for PBXProject "NotificationDemo" */ = {
			isa = XCConfigurationList;
			buildConfigurations = (
				D676EC9B24CEA76A00B0AECA /* Debug */,
				D676EC9C24CEA76A00B0AECA /* Release */,
			);
			defaultConfigurationIsVisible = 0;
			defaultConfigurationName = Release;
		};
		D676EC9D24CEA76A00B0AECA /* Build configuration list for PBXNativeTarget "NotificationDemo" */ = {
			isa = XCConfigurationList;
			buildConfigurations = (
				D676EC9E24CEA76A00B0AECA /* Debug */,
				D676EC9F24CEA76A00B0AECA /* Release */,
			);
			defaultConfigurationIsVisible = 0;
			defaultConfigurationName = Release;
		};
/* End XCConfigurationList section */
	};
	rootObject = D676EC7C24CEA76800B0AECA /* Project object */;
}
